Microsoft Visual Studio Solution File, Format Version 12.00
# Visual Studio Version 17
VisualStudioVersion = 17.5.2.0
MinimumVisualStudioVersion = 10.0.40219.1
Project("{FAE04EC0-301F-11D3-BF4B-00C04F79EFBC}") = "ValoresEspeciais", "ValoresEspeciais.csproj", "{byte265A7F8-698D-5991-44F5-3261E851EAAF}"
EndProject
Global
	GlobalSection(SolutionConfigurationPlatforms) = preSolution
		Debug|Any CPU = Debug|Any CPU
		Release|Any CPU = Release|Any CPU
	EndGlobalSection
	GlobalSection(ProjectConfigurationPlatforms) = postSolution
		{byte265A7F8-698D-5991-44F5-3261E851EAAF}.Debug|Any CPU.ActiveCfg = Debug|Any CPU
		{byte265A7F8-698D-5991-44F5-3261E851EAAF}.Debug|Any CPU.Build.0 = Debug|Any CPU
		{byte265A7F8-698D-5991-44F5-3261E851EAAF}.Release|Any CPU.ActiveCfg = Release|Any CPU
		{byte265A7F8-698D-5991-44F5-3261E851EAAF}.Release|Any CPU.Build.0 = Release|Any CPU
	EndGlobalSection
	GlobalSection(SolutionProperties) = preSolution
		HideSolutionNode = FALSE
	EndGlobalSection
	GlobalSection(ExtensibilityGlobals) = postSolution
		SolutionGuid = {A3757949-455C-4B9E-A411-2B7AD66E16C7}
	EndGlobalSection
EndGlobal
