
Microsoft Visual Studio Solution File, Format Version 12.00
# Visual Studio Version 17
VisualStudioVersion = 17.0.31903.59
MinimumVisualStudioVersion = 10.0.40219.1
Project("{FAE04EC0-301F-11D3-BF4B-00C04F79EFBC}") = "SmoothOperator", "SmoothOperator\SmoothOperator.csproj", "{75695C94-6D2D-4DD2-904C-9EB006C63DD5}"
EndProject
Project("{FAE04EC0-301F-11D3-BF4B-00C04F79EFBC}") = "VariousOperators", "VariousOperators\VariousOperators.csproj", "{7A8B21E7-5E06-437D-80EB-2A17DE78875A}"
EndProject
Project("{FAE04EC0-301F-11D3-BF4B-00C04F79EFBC}") = "Cilindro", "Cilindro\Cilindro.csproj", "{F2D56B74-0B7B-4D3F-936D-DEA10C43F09A}"
EndProject
Project("{FAE04EC0-301F-11D3-BF4B-00C04F79EFBC}") = "ValoresEspeciais", "ValoresEspeciais\ValoresEspeciais.csproj", "{F7D81CD2-1584-4DE8-8941-BEF85B05BB96}"
EndProject
Project("{FAE04EC0-301F-11D3-BF4B-00C04F79EFBC}") = "PerfectCountdown", "PerfectCountdown\PerfectCountdown.csproj", "{41781085-B353-47C3-8C25-57A1AC8DFA87}"
EndProject
Global
	GlobalSection(SolutionConfigurationPlatforms) = preSolution
		Debug|Any CPU = Debug|Any CPU
		Release|Any CPU = Release|Any CPU
	EndGlobalSection
	GlobalSection(SolutionProperties) = preSolution
		HideSolutionNode = FALSE
	EndGlobalSection
	GlobalSection(ProjectConfigurationPlatforms) = postSolution
		{75695C94-6D2D-4DD2-904C-9EB006C63DD5}.Debug|Any CPU.ActiveCfg = Debug|Any CPU
		{75695C94-6D2D-4DD2-904C-9EB006C63DD5}.Debug|Any CPU.Build.0 = Debug|Any CPU
		{75695C94-6D2D-4DD2-904C-9EB006C63DD5}.Release|Any CPU.ActiveCfg = Release|Any CPU
		{75695C94-6D2D-4DD2-904C-9EB006C63DD5}.Release|Any CPU.Build.0 = Release|Any CPU
		{7A8B21E7-5E06-437D-80EB-2A17DE78875A}.Debug|Any CPU.ActiveCfg = Debug|Any CPU
		{7A8B21E7-5E06-437D-80EB-2A17DE78875A}.Debug|Any CPU.Build.0 = Debug|Any CPU
		{7A8B21E7-5E06-437D-80EB-2A17DE78875A}.Release|Any CPU.ActiveCfg = Release|Any CPU
		{7A8B21E7-5E06-437D-80EB-2A17DE78875A}.Release|Any CPU.Build.0 = Release|Any CPU
		{F2D56B74-0B7B-4D3F-936D-DEA10C43F09A}.Debug|Any CPU.ActiveCfg = Debug|Any CPU
		{F2D56B74-0B7B-4D3F-936D-DEA10C43F09A}.Debug|Any CPU.Build.0 = Debug|Any CPU
		{F2D56B74-0B7B-4D3F-936D-DEA10C43F09A}.Release|Any CPU.ActiveCfg = Release|Any CPU
		{F2D56B74-0B7B-4D3F-936D-DEA10C43F09A}.Release|Any CPU.Build.0 = Release|Any CPU
		{F7D81CD2-1584-4DE8-8941-BEF85B05BB96}.Debug|Any CPU.ActiveCfg = Debug|Any CPU
		{F7D81CD2-1584-4DE8-8941-BEF85B05BB96}.Debug|Any CPU.Build.0 = Debug|Any CPU
		{F7D81CD2-1584-4DE8-8941-BEF85B05BB96}.Release|Any CPU.ActiveCfg = Release|Any CPU
		{F7D81CD2-1584-4DE8-8941-BEF85B05BB96}.Release|Any CPU.Build.0 = Release|Any CPU
		{41781085-B353-47C3-8C25-57A1AC8DFA87}.Debug|Any CPU.ActiveCfg = Debug|Any CPU
		{41781085-B353-47C3-8C25-57A1AC8DFA87}.Debug|Any CPU.Build.0 = Debug|Any CPU
		{41781085-B353-47C3-8C25-57A1AC8DFA87}.Release|Any CPU.ActiveCfg = Release|Any CPU
		{41781085-B353-47C3-8C25-57A1AC8DFA87}.Release|Any CPU.Build.0 = Release|Any CPU
	EndGlobalSection
EndGlobal
